
Microsoft Visual Studio Solution File, Format Version 12.00
# Visual Studio 15
VisualStudioVersion = 15.0.28010.2041
MinimumVisualStudioVersion = 10.0.40219.1
Project("{D954291E-2A0B-460D-934E-DC6B0785DB48}") = "UnoCollectionBindingSample.Shared", "UnoCollectionBindingSample\UnoCollectionBindingSample.Shared\UnoCollectionBindingSample.Shared.shproj", "{6279C845-92F8-4333-AB99-3D213163593C}"
EndProject
Project("{FAE04EC0-301F-11D3-BF4B-00C04F79EFBC}") = "UnoCollectionBindingSample.Droid", "UnoCollectionBindingSample\UnoCollectionBindingSample.Droid\UnoCollectionBindingSample.Droid.csproj", "{9023DECD-6E70-4529-8CC1-F7248CC87D45}"
EndProject
Project("{FAE04EC0-301F-11D3-BF4B-00C04F79EFBC}") = "UnoCollectionBindingSample.iOS", "UnoCollectionBindingSample\UnoCollectionBindingSample.iOS\UnoCollectionBindingSample.iOS.csproj", "{105AC8AC-4553-4BF3-AD63-AAF3E8D1CB4D}"
EndProject
Project("{FAE04EC0-301F-11D3-BF4B-00C04F79EFBC}") = "UnoCollectionBindingSample.UWP", "UnoCollectionBindingSample\UnoCollectionBindingSample.UWP\UnoCollectionBindingSample.UWP.csproj", "{3A11D772-CA90-4B9C-9E52-03E0D4F10567}"
EndProject
Project("{9A19103F-16F7-4668-BE54-9A1E7A4F7556}") = "UnoCollectionBindingSample.Wasm", "UnoCollectionBindingSample\UnoCollectionBindingSample.Wasm\UnoCollectionBindingSample.Wasm.csproj", "{5DC43456-D0A9-443E-B70D-C7EFFF41222C}"
EndProject
Global
	GlobalSection(SharedMSBuildProjectFiles) = preSolution
		UnoCollectionBindingSample\UnoCollectionBindingSample.Shared\UnoCollectionBindingSample.Shared.projitems*{105ac8ac-4553-4bf3-ad63-aaf3e8d1cb4d}*SharedItemsImports = 4
		UnoCollectionBindingSample\UnoCollectionBindingSample.Shared\UnoCollectionBindingSample.Shared.projitems*{3a11d772-ca90-4b9c-9e52-03e0d4f10567}*SharedItemsImports = 4
		UnoCollectionBindingSample\UnoCollectionBindingSample.Shared\UnoCollectionBindingSample.Shared.projitems*{6279c845-92f8-4333-ab99-3d213163593c}*SharedItemsImports = 13
		UnoCollectionBindingSample\UnoCollectionBindingSample.Shared\UnoCollectionBindingSample.Shared.projitems*{9023decd-6e70-4529-8cc1-f7248cc87d45}*SharedItemsImports = 4
	EndGlobalSection
	GlobalSection(SolutionConfigurationPlatforms) = preSolution
		Ad-Hoc|Any CPU = Ad-Hoc|Any CPU
		Ad-Hoc|ARM = Ad-Hoc|ARM
		Ad-Hoc|iPhone = Ad-Hoc|iPhone
		Ad-Hoc|iPhoneSimulator = Ad-Hoc|iPhoneSimulator
		Ad-Hoc|x64 = Ad-Hoc|x64
		Ad-Hoc|x86 = Ad-Hoc|x86
		AppStore|Any CPU = AppStore|Any CPU
		AppStore|ARM = AppStore|ARM
		AppStore|iPhone = AppStore|iPhone
		AppStore|iPhoneSimulator = AppStore|iPhoneSimulator
		AppStore|x64 = AppStore|x64
		AppStore|x86 = AppStore|x86
		Debug|Any CPU = Debug|Any CPU
		Debug|ARM = Debug|ARM
		Debug|iPhone = Debug|iPhone
		Debug|iPhoneSimulator = Debug|iPhoneSimulator
		Debug|x64 = Debug|x64
		Debug|x86 = Debug|x86
		Release|Any CPU = Release|Any CPU
		Release|ARM = Release|ARM
		Release|iPhone = Release|iPhone
		Release|iPhoneSimulator = Release|iPhoneSimulator
		Release|x64 = Release|x64
		Release|x86 = Release|x86
	EndGlobalSection
	GlobalSection(ProjectConfigurationPlatforms) = postSolution
		{9023DECD-6E70-4529-8CC1-F7248CC87D45}.Ad-Hoc|Any CPU.ActiveCfg = Release|Any CPU
		{9023DECD-6E70-4529-8CC1-F7248CC87D45}.Ad-Hoc|Any CPU.Build.0 = Release|Any CPU
		{9023DECD-6E70-4529-8CC1-F7248CC87D45}.Ad-Hoc|Any CPU.Deploy.0 = Release|Any CPU
		{9023DECD-6E70-4529-8CC1-F7248CC87D45}.Ad-Hoc|ARM.ActiveCfg = Release|Any CPU
		{9023DECD-6E70-4529-8CC1-F7248CC87D45}.Ad-Hoc|ARM.Build.0 = Release|Any CPU
		{9023DECD-6E70-4529-8CC1-F7248CC87D45}.Ad-Hoc|ARM.Deploy.0 = Release|Any CPU
		{9023DECD-6E70-4529-8CC1-F7248CC87D45}.Ad-Hoc|iPhone.ActiveCfg = Release|Any CPU
		{9023DECD-6E70-4529-8CC1-F7248CC87D45}.Ad-Hoc|iPhone.Build.0 = Release|Any CPU
		{9023DECD-6E70-4529-8CC1-F7248CC87D45}.Ad-Hoc|iPhone.Deploy.0 = Release|Any CPU
		{9023DECD-6E70-4529-8CC1-F7248CC87D45}.Ad-Hoc|iPhoneSimulator.ActiveCfg = Release|Any CPU
		{9023DECD-6E70-4529-8CC1-F7248CC87D45}.Ad-Hoc|iPhoneSimulator.Build.0 = Release|Any CPU
		{9023DECD-6E70-4529-8CC1-F7248CC87D45}.Ad-Hoc|iPhoneSimulator.Deploy.0 = Release|Any CPU
		{9023DECD-6E70-4529-8CC1-F7248CC87D45}.Ad-Hoc|x64.ActiveCfg = Release|Any CPU
		{9023DECD-6E70-4529-8CC1-F7248CC87D45}.Ad-Hoc|x64.Build.0 = Release|Any CPU
		{9023DECD-6E70-4529-8CC1-F7248CC87D45}.Ad-Hoc|x64.Deploy.0 = Release|Any CPU
		{9023DECD-6E70-4529-8CC1-F7248CC87D45}.Ad-Hoc|x86.ActiveCfg = Release|Any CPU
		{9023DECD-6E70-4529-8CC1-F7248CC87D45}.Ad-Hoc|x86.Build.0 = Release|Any CPU
		{9023DECD-6E70-4529-8CC1-F7248CC87D45}.Ad-Hoc|x86.Deploy.0 = Release|Any CPU
		{9023DECD-6E70-4529-8CC1-F7248CC87D45}.AppStore|Any CPU.ActiveCfg = Release|Any CPU
		{9023DECD-6E70-4529-8CC1-F7248CC87D45}.AppStore|Any CPU.Build.0 = Release|Any CPU
		{9023DECD-6E70-4529-8CC1-F7248CC87D45}.AppStore|Any CPU.Deploy.0 = Release|Any CPU
		{9023DECD-6E70-4529-8CC1-F7248CC87D45}.AppStore|ARM.ActiveCfg = Release|Any CPU
		{9023DECD-6E70-4529-8CC1-F7248CC87D45}.AppStore|ARM.Build.0 = Release|Any CPU
		{9023DECD-6E70-4529-8CC1-F7248CC87D45}.AppStore|ARM.Deploy.0 = Release|Any CPU
		{9023DECD-6E70-4529-8CC1-F7248CC87D45}.AppStore|iPhone.ActiveCfg = Release|Any CPU
		{9023DECD-6E70-4529-8CC1-F7248CC87D45}.AppStore|iPhone.Build.0 = Release|Any CPU
		{9023DECD-6E70-4529-8CC1-F7248CC87D45}.AppStore|iPhone.Deploy.0 = Release|Any CPU
		{9023DECD-6E70-4529-8CC1-F7248CC87D45}.AppStore|iPhoneSimulator.ActiveCfg = Release|Any CPU
		{9023DECD-6E70-4529-8CC1-F7248CC87D45}.AppStore|iPhoneSimulator.Build.0 = Release|Any CPU
		{9023DECD-6E70-4529-8CC1-F7248CC87D45}.AppStore|iPhoneSimulator.Deploy.0 = Release|Any CPU
		{9023DECD-6E70-4529-8CC1-F7248CC87D45}.AppStore|x64.ActiveCfg = Release|Any CPU
		{9023DECD-6E70-4529-8CC1-F7248CC87D45}.AppStore|x64.Build.0 = Release|Any CPU
		{9023DECD-6E70-4529-8CC1-F7248CC87D45}.AppStore|x64.Deploy.0 = Release|Any CPU
		{9023DECD-6E70-4529-8CC1-F7248CC87D45}.AppStore|x86.ActiveCfg = Release|Any CPU
		{9023DECD-6E70-4529-8CC1-F7248CC87D45}.AppStore|x86.Build.0 = Release|Any CPU
		{9023DECD-6E70-4529-8CC1-F7248CC87D45}.AppStore|x86.Deploy.0 = Release|Any CPU
		{9023DECD-6E70-4529-8CC1-F7248CC87D45}.Debug|Any CPU.ActiveCfg = Debug|Any CPU
		{9023DECD-6E70-4529-8CC1-F7248CC87D45}.Debug|Any CPU.Build.0 = Debug|Any CPU
		{9023DECD-6E70-4529-8CC1-F7248CC87D45}.Debug|Any CPU.Deploy.0 = Debug|Any CPU
		{9023DECD-6E70-4529-8CC1-F7248CC87D45}.Debug|ARM.ActiveCfg = Debug|Any CPU
		{9023DECD-6E70-4529-8CC1-F7248CC87D45}.Debug|ARM.Build.0 = Debug|Any CPU
		{9023DECD-6E70-4529-8CC1-F7248CC87D45}.Debug|ARM.Deploy.0 = Debug|Any CPU
		{9023DECD-6E70-4529-8CC1-F7248CC87D45}.Debug|iPhone.ActiveCfg = Debug|Any CPU
		{9023DECD-6E70-4529-8CC1-F7248CC87D45}.Debug|iPhone.Build.0 = Debug|Any CPU
		{9023DECD-6E70-4529-8CC1-F7248CC87D45}.Debug|iPhone.Deploy.0 = Debug|Any CPU
		{9023DECD-6E70-4529-8CC1-F7248CC87D45}.Debug|iPhoneSimulator.ActiveCfg = Debug|Any CPU
		{9023DECD-6E70-4529-8CC1-F7248CC87D45}.Debug|iPhoneSimulator.Build.0 = Debug|Any CPU
		{9023DECD-6E70-4529-8CC1-F7248CC87D45}.Debug|iPhoneSimulator.Deploy.0 = Debug|Any CPU
		{9023DECD-6E70-4529-8CC1-F7248CC87D45}.Debug|x64.ActiveCfg = Debug|Any CPU
		{9023DECD-6E70-4529-8CC1-F7248CC87D45}.Debug|x64.Build.0 = Debug|Any CPU
		{9023DECD-6E70-4529-8CC1-F7248CC87D45}.Debug|x64.Deploy.0 = Debug|Any CPU
		{9023DECD-6E70-4529-8CC1-F7248CC87D45}.Debug|x86.ActiveCfg = Debug|Any CPU
		{9023DECD-6E70-4529-8CC1-F7248CC87D45}.Debug|x86.Build.0 = Debug|Any CPU
		{9023DECD-6E70-4529-8CC1-F7248CC87D45}.Debug|x86.Deploy.0 = Debug|Any CPU
		{9023DECD-6E70-4529-8CC1-F7248CC87D45}.Release|Any CPU.ActiveCfg = Release|Any CPU
		{9023DECD-6E70-4529-8CC1-F7248CC87D45}.Release|Any CPU.Build.0 = Release|Any CPU
		{9023DECD-6E70-4529-8CC1-F7248CC87D45}.Release|Any CPU.Deploy.0 = Release|Any CPU
		{9023DECD-6E70-4529-8CC1-F7248CC87D45}.Release|ARM.ActiveCfg = Release|Any CPU
		{9023DECD-6E70-4529-8CC1-F7248CC87D45}.Release|ARM.Build.0 = Release|Any CPU
		{9023DECD-6E70-4529-8CC1-F7248CC87D45}.Release|ARM.Deploy.0 = Release|Any CPU
		{9023DECD-6E70-4529-8CC1-F7248CC87D45}.Release|iPhone.ActiveCfg = Release|Any CPU
		{9023DECD-6E70-4529-8CC1-F7248CC87D45}.Release|iPhone.Build.0 = Release|Any CPU
		{9023DECD-6E70-4529-8CC1-F7248CC87D45}.Release|iPhone.Deploy.0 = Release|Any CPU
		{9023DECD-6E70-4529-8CC1-F7248CC87D45}.Release|iPhoneSimulator.ActiveCfg = Release|Any CPU
		{9023DECD-6E70-4529-8CC1-F7248CC87D45}.Release|iPhoneSimulator.Build.0 = Release|Any CPU
		{9023DECD-6E70-4529-8CC1-F7248CC87D45}.Release|iPhoneSimulator.Deploy.0 = Release|Any CPU
		{9023DECD-6E70-4529-8CC1-F7248CC87D45}.Release|x64.ActiveCfg = Release|Any CPU
		{9023DECD-6E70-4529-8CC1-F7248CC87D45}.Release|x64.Build.0 = Release|Any CPU
		{9023DECD-6E70-4529-8CC1-F7248CC87D45}.Release|x64.Deploy.0 = Release|Any CPU
		{9023DECD-6E70-4529-8CC1-F7248CC87D45}.Release|x86.ActiveCfg = Release|Any CPU
		{9023DECD-6E70-4529-8CC1-F7248CC87D45}.Release|x86.Build.0 = Release|Any CPU
		{9023DECD-6E70-4529-8CC1-F7248CC87D45}.Release|x86.Deploy.0 = Release|Any CPU
		{105AC8AC-4553-4BF3-AD63-AAF3E8D1CB4D}.Ad-Hoc|Any CPU.ActiveCfg = Ad-Hoc|iPhone
		{105AC8AC-4553-4BF3-AD63-AAF3E8D1CB4D}.Ad-Hoc|ARM.ActiveCfg = Ad-Hoc|iPhone
		{105AC8AC-4553-4BF3-AD63-AAF3E8D1CB4D}.Ad-Hoc|iPhone.ActiveCfg = Ad-Hoc|iPhone
		{105AC8AC-4553-4BF3-AD63-AAF3E8D1CB4D}.Ad-Hoc|iPhone.Build.0 = Ad-Hoc|iPhone
		{105AC8AC-4553-4BF3-AD63-AAF3E8D1CB4D}.Ad-Hoc|iPhoneSimulator.ActiveCfg = Ad-Hoc|iPhoneSimulator
		{105AC8AC-4553-4BF3-AD63-AAF3E8D1CB4D}.Ad-Hoc|iPhoneSimulator.Build.0 = Ad-Hoc|iPhoneSimulator
		{105AC8AC-4553-4BF3-AD63-AAF3E8D1CB4D}.Ad-Hoc|x64.ActiveCfg = Ad-Hoc|iPhone
		{105AC8AC-4553-4BF3-AD63-AAF3E8D1CB4D}.Ad-Hoc|x86.ActiveCfg = Ad-Hoc|iPhone
		{105AC8AC-4553-4BF3-AD63-AAF3E8D1CB4D}.AppStore|Any CPU.ActiveCfg = AppStore|iPhone
		{105AC8AC-4553-4BF3-AD63-AAF3E8D1CB4D}.AppStore|ARM.ActiveCfg = AppStore|iPhone
		{105AC8AC-4553-4BF3-AD63-AAF3E8D1CB4D}.AppStore|iPhone.ActiveCfg = AppStore|iPhone
		{105AC8AC-4553-4BF3-AD63-AAF3E8D1CB4D}.AppStore|iPhone.Build.0 = AppStore|iPhone
		{105AC8AC-4553-4BF3-AD63-AAF3E8D1CB4D}.AppStore|iPhoneSimulator.ActiveCfg = AppStore|iPhoneSimulator
		{105AC8AC-4553-4BF3-AD63-AAF3E8D1CB4D}.AppStore|iPhoneSimulator.Build.0 = AppStore|iPhoneSimulator
		{105AC8AC-4553-4BF3-AD63-AAF3E8D1CB4D}.AppStore|x64.ActiveCfg = AppStore|iPhone
		{105AC8AC-4553-4BF3-AD63-AAF3E8D1CB4D}.AppStore|x86.ActiveCfg = AppStore|iPhone
		{105AC8AC-4553-4BF3-AD63-AAF3E8D1CB4D}.Debug|Any CPU.ActiveCfg = Debug|iPhone
		{105AC8AC-4553-4BF3-AD63-AAF3E8D1CB4D}.Debug|ARM.ActiveCfg = Debug|iPhone
		{105AC8AC-4553-4BF3-AD63-AAF3E8D1CB4D}.Debug|iPhone.ActiveCfg = Debug|iPhone
		{105AC8AC-4553-4BF3-AD63-AAF3E8D1CB4D}.Debug|iPhone.Build.0 = Debug|iPhone
		{105AC8AC-4553-4BF3-AD63-AAF3E8D1CB4D}.Debug|iPhoneSimulator.ActiveCfg = Debug|iPhoneSimulator
		{105AC8AC-4553-4BF3-AD63-AAF3E8D1CB4D}.Debug|iPhoneSimulator.Build.0 = Debug|iPhoneSimulator
		{105AC8AC-4553-4BF3-AD63-AAF3E8D1CB4D}.Debug|x64.ActiveCfg = Debug|iPhone
		{105AC8AC-4553-4BF3-AD63-AAF3E8D1CB4D}.Debug|x86.ActiveCfg = Debug|iPhone
		{105AC8AC-4553-4BF3-AD63-AAF3E8D1CB4D}.Release|Any CPU.ActiveCfg = Release|iPhone
		{105AC8AC-4553-4BF3-AD63-AAF3E8D1CB4D}.Release|ARM.ActiveCfg = Release|iPhone
		{105AC8AC-4553-4BF3-AD63-AAF3E8D1CB4D}.Release|iPhone.ActiveCfg = Release|iPhone
		{105AC8AC-4553-4BF3-AD63-AAF3E8D1CB4D}.Release|iPhone.Build.0 = Release|iPhone
		{105AC8AC-4553-4BF3-AD63-AAF3E8D1CB4D}.Release|iPhoneSimulator.ActiveCfg = Release|iPhoneSimulator
		{105AC8AC-4553-4BF3-AD63-AAF3E8D1CB4D}.Release|iPhoneSimulator.Build.0 = Release|iPhoneSimulator
		{105AC8AC-4553-4BF3-AD63-AAF3E8D1CB4D}.Release|x64.ActiveCfg = Release|iPhone
		{105AC8AC-4553-4BF3-AD63-AAF3E8D1CB4D}.Release|x86.ActiveCfg = Release|iPhone
		{3A11D772-CA90-4B9C-9E52-03E0D4F10567}.Ad-Hoc|Any CPU.ActiveCfg = Release|x64
		{3A11D772-CA90-4B9C-9E52-03E0D4F10567}.Ad-Hoc|Any CPU.Build.0 = Release|x64
		{3A11D772-CA90-4B9C-9E52-03E0D4F10567}.Ad-Hoc|Any CPU.Deploy.0 = Release|x64
		{3A11D772-CA90-4B9C-9E52-03E0D4F10567}.Ad-Hoc|ARM.ActiveCfg = Release|ARM
		{3A11D772-CA90-4B9C-9E52-03E0D4F10567}.Ad-Hoc|ARM.Build.0 = Release|ARM
		{3A11D772-CA90-4B9C-9E52-03E0D4F10567}.Ad-Hoc|ARM.Deploy.0 = Release|ARM
		{3A11D772-CA90-4B9C-9E52-03E0D4F10567}.Ad-Hoc|iPhone.ActiveCfg = Release|x64
		{3A11D772-CA90-4B9C-9E52-03E0D4F10567}.Ad-Hoc|iPhone.Build.0 = Release|x64
		{3A11D772-CA90-4B9C-9E52-03E0D4F10567}.Ad-Hoc|iPhone.Deploy.0 = Release|x64
		{3A11D772-CA90-4B9C-9E52-03E0D4F10567}.Ad-Hoc|iPhoneSimulator.ActiveCfg = Release|x64
		{3A11D772-CA90-4B9C-9E52-03E0D4F10567}.Ad-Hoc|iPhoneSimulator.Build.0 = Release|x64
		{3A11D772-CA90-4B9C-9E52-03E0D4F10567}.Ad-Hoc|iPhoneSimulator.Deploy.0 = Release|x64
		{3A11D772-CA90-4B9C-9E52-03E0D4F10567}.Ad-Hoc|x64.ActiveCfg = Release|x64
		{3A11D772-CA90-4B9C-9E52-03E0D4F10567}.Ad-Hoc|x64.Build.0 = Release|x64
		{3A11D772-CA90-4B9C-9E52-03E0D4F10567}.Ad-Hoc|x64.Deploy.0 = Release|x64
		{3A11D772-CA90-4B9C-9E52-03E0D4F10567}.Ad-Hoc|x86.ActiveCfg = Release|x86
		{3A11D772-CA90-4B9C-9E52-03E0D4F10567}.Ad-Hoc|x86.Build.0 = Release|x86
		{3A11D772-CA90-4B9C-9E52-03E0D4F10567}.Ad-Hoc|x86.Deploy.0 = Release|x86
		{3A11D772-CA90-4B9C-9E52-03E0D4F10567}.AppStore|Any CPU.ActiveCfg = Release|x64
		{3A11D772-CA90-4B9C-9E52-03E0D4F10567}.AppStore|Any CPU.Build.0 = Release|x64
		{3A11D772-CA90-4B9C-9E52-03E0D4F10567}.AppStore|Any CPU.Deploy.0 = Release|x64
		{3A11D772-CA90-4B9C-9E52-03E0D4F10567}.AppStore|ARM.ActiveCfg = Release|ARM
		{3A11D772-CA90-4B9C-9E52-03E0D4F10567}.AppStore|ARM.Build.0 = Release|ARM
		{3A11D772-CA90-4B9C-9E52-03E0D4F10567}.AppStore|ARM.Deploy.0 = Release|ARM
		{3A11D772-CA90-4B9C-9E52-03E0D4F10567}.AppStore|iPhone.ActiveCfg = Release|x64
		{3A11D772-CA90-4B9C-9E52-03E0D4F10567}.AppStore|iPhone.Build.0 = Release|x64
		{3A11D772-CA90-4B9C-9E52-03E0D4F10567}.AppStore|iPhone.Deploy.0 = Release|x64
		{3A11D772-CA90-4B9C-9E52-03E0D4F10567}.AppStore|iPhoneSimulator.ActiveCfg = Release|x64
		{3A11D772-CA90-4B9C-9E52-03E0D4F10567}.AppStore|iPhoneSimulator.Build.0 = Release|x64
		{3A11D772-CA90-4B9C-9E52-03E0D4F10567}.AppStore|iPhoneSimulator.Deploy.0 = Release|x64
		{3A11D772-CA90-4B9C-9E52-03E0D4F10567}.AppStore|x64.ActiveCfg = Release|x64
		{3A11D772-CA90-4B9C-9E52-03E0D4F10567}.AppStore|x64.Build.0 = Release|x64
		{3A11D772-CA90-4B9C-9E52-03E0D4F10567}.AppStore|x64.Deploy.0 = Release|x64
		{3A11D772-CA90-4B9C-9E52-03E0D4F10567}.AppStore|x86.ActiveCfg = Release|x86
		{3A11D772-CA90-4B9C-9E52-03E0D4F10567}.AppStore|x86.Build.0 = Release|x86
		{3A11D772-CA90-4B9C-9E52-03E0D4F10567}.AppStore|x86.Deploy.0 = Release|x86
		{3A11D772-CA90-4B9C-9E52-03E0D4F10567}.Debug|Any CPU.ActiveCfg = Debug|x86
		{3A11D772-CA90-4B9C-9E52-03E0D4F10567}.Debug|ARM.ActiveCfg = Debug|ARM
		{3A11D772-CA90-4B9C-9E52-03E0D4F10567}.Debug|ARM.Build.0 = Debug|ARM
		{3A11D772-CA90-4B9C-9E52-03E0D4F10567}.Debug|ARM.Deploy.0 = Debug|ARM
		{3A11D772-CA90-4B9C-9E52-03E0D4F10567}.Debug|iPhone.ActiveCfg = Debug|x86
		{3A11D772-CA90-4B9C-9E52-03E0D4F10567}.Debug|iPhoneSimulator.ActiveCfg = Debug|x86
		{3A11D772-CA90-4B9C-9E52-03E0D4F10567}.Debug|x64.ActiveCfg = Debug|x64
		{3A11D772-CA90-4B9C-9E52-03E0D4F10567}.Debug|x64.Build.0 = Debug|x64
		{3A11D772-CA90-4B9C-9E52-03E0D4F10567}.Debug|x64.Deploy.0 = Debug|x64
		{3A11D772-CA90-4B9C-9E52-03E0D4F10567}.Debug|x86.ActiveCfg = Debug|x86
		{3A11D772-CA90-4B9C-9E52-03E0D4F10567}.Debug|x86.Build.0 = Debug|x86
		{3A11D772-CA90-4B9C-9E52-03E0D4F10567}.Debug|x86.Deploy.0 = Debug|x86
		{3A11D772-CA90-4B9C-9E52-03E0D4F10567}.Release|Any CPU.ActiveCfg = Release|x86
		{3A11D772-CA90-4B9C-9E52-03E0D4F10567}.Release|ARM.ActiveCfg = Release|ARM
		{3A11D772-CA90-4B9C-9E52-03E0D4F10567}.Release|ARM.Build.0 = Release|ARM
		{3A11D772-CA90-4B9C-9E52-03E0D4F10567}.Release|ARM.Deploy.0 = Release|ARM
		{3A11D772-CA90-4B9C-9E52-03E0D4F10567}.Release|iPhone.ActiveCfg = Release|x86
		{3A11D772-CA90-4B9C-9E52-03E0D4F10567}.Release|iPhoneSimulator.ActiveCfg = Release|x86
		{3A11D772-CA90-4B9C-9E52-03E0D4F10567}.Release|x64.ActiveCfg = Release|x64
		{3A11D772-CA90-4B9C-9E52-03E0D4F10567}.Release|x64.Build.0 = Release|x64
		{3A11D772-CA90-4B9C-9E52-03E0D4F10567}.Release|x64.Deploy.0 = Release|x64
		{3A11D772-CA90-4B9C-9E52-03E0D4F10567}.Release|x86.ActiveCfg = Release|x86
		{3A11D772-CA90-4B9C-9E52-03E0D4F10567}.Release|x86.Build.0 = Release|x86
		{3A11D772-CA90-4B9C-9E52-03E0D4F10567}.Release|x86.Deploy.0 = Release|x86
		{5DC43456-D0A9-443E-B70D-C7EFFF41222C}.Ad-Hoc|Any CPU.ActiveCfg = Debug|Any CPU
		{5DC43456-D0A9-443E-B70D-C7EFFF41222C}.Ad-Hoc|Any CPU.Build.0 = Debug|Any CPU
		{5DC43456-D0A9-443E-B70D-C7EFFF41222C}.Ad-Hoc|ARM.ActiveCfg = Debug|Any CPU
		{5DC43456-D0A9-443E-B70D-C7EFFF41222C}.Ad-Hoc|ARM.Build.0 = Debug|Any CPU
		{5DC43456-D0A9-443E-B70D-C7EFFF41222C}.Ad-Hoc|iPhone.ActiveCfg = Debug|Any CPU
		{5DC43456-D0A9-443E-B70D-C7EFFF41222C}.Ad-Hoc|iPhone.Build.0 = Debug|Any CPU
		{5DC43456-D0A9-443E-B70D-C7EFFF41222C}.Ad-Hoc|iPhoneSimulator.ActiveCfg = Debug|Any CPU
		{5DC43456-D0A9-443E-B70D-C7EFFF41222C}.Ad-Hoc|iPhoneSimulator.Build.0 = Debug|Any CPU
		{5DC43456-D0A9-443E-B70D-C7EFFF41222C}.Ad-Hoc|x64.ActiveCfg = Debug|Any CPU
		{5DC43456-D0A9-443E-B70D-C7EFFF41222C}.Ad-Hoc|x64.Build.0 = Debug|Any CPU
		{5DC43456-D0A9-443E-B70D-C7EFFF41222C}.Ad-Hoc|x86.ActiveCfg = Debug|Any CPU
		{5DC43456-D0A9-443E-B70D-C7EFFF41222C}.Ad-Hoc|x86.Build.0 = Debug|Any CPU
		{5DC43456-D0A9-443E-B70D-C7EFFF41222C}.AppStore|Any CPU.ActiveCfg = Debug|Any CPU
		{5DC43456-D0A9-443E-B70D-C7EFFF41222C}.AppStore|Any CPU.Build.0 = Debug|Any CPU
		{5DC43456-D0A9-443E-B70D-C7EFFF41222C}.AppStore|ARM.ActiveCfg = Debug|Any CPU
		{5DC43456-D0A9-443E-B70D-C7EFFF41222C}.AppStore|ARM.Build.0 = Debug|Any CPU
		{5DC43456-D0A9-443E-B70D-C7EFFF41222C}.AppStore|iPhone.ActiveCfg = Debug|Any CPU
		{5DC43456-D0A9-443E-B70D-C7EFFF41222C}.AppStore|iPhone.Build.0 = Debug|Any CPU
		{5DC43456-D0A9-443E-B70D-C7EFFF41222C}.AppStore|iPhoneSimulator.ActiveCfg = Debug|Any CPU
		{5DC43456-D0A9-443E-B70D-C7EFFF41222C}.AppStore|iPhoneSimulator.Build.0 = Debug|Any CPU
		{5DC43456-D0A9-443E-B70D-C7EFFF41222C}.AppStore|x64.ActiveCfg = Debug|Any CPU
		{5DC43456-D0A9-443E-B70D-C7EFFF41222C}.AppStore|x64.Build.0 = Debug|Any CPU
		{5DC43456-D0A9-443E-B70D-C7EFFF41222C}.AppStore|x86.ActiveCfg = Debug|Any CPU
		{5DC43456-D0A9-443E-B70D-C7EFFF41222C}.AppStore|x86.Build.0 = Debug|Any CPU
		{5DC43456-D0A9-443E-B70D-C7EFFF41222C}.Debug|Any CPU.ActiveCfg = Debug|Any CPU
		{5DC43456-D0A9-443E-B70D-C7EFFF41222C}.Debug|Any CPU.Build.0 = Debug|Any CPU
		{5DC43456-D0A9-443E-B70D-C7EFFF41222C}.Debug|ARM.ActiveCfg = Debug|Any CPU
		{5DC43456-D0A9-443E-B70D-C7EFFF41222C}.Debug|ARM.Build.0 = Debug|Any CPU
		{5DC43456-D0A9-443E-B70D-C7EFFF41222C}.Debug|iPhone.ActiveCfg = Debug|Any CPU
		{5DC43456-D0A9-443E-B70D-C7EFFF41222C}.Debug|iPhone.Build.0 = Debug|Any CPU
		{5DC43456-D0A9-443E-B70D-C7EFFF41222C}.Debug|iPhoneSimulator.ActiveCfg = Debug|Any CPU
		{5DC43456-D0A9-443E-B70D-C7EFFF41222C}.Debug|iPhoneSimulator.Build.0 = Debug|Any CPU
		{5DC43456-D0A9-443E-B70D-C7EFFF41222C}.Debug|x64.ActiveCfg = Debug|Any CPU
		{5DC43456-D0A9-443E-B70D-C7EFFF41222C}.Debug|x64.Build.0 = Debug|Any CPU
		{5DC43456-D0A9-443E-B70D-C7EFFF41222C}.Debug|x86.ActiveCfg = Debug|Any CPU
		{5DC43456-D0A9-443E-B70D-C7EFFF41222C}.Debug|x86.Build.0 = Debug|Any CPU
		{5DC43456-D0A9-443E-B70D-C7EFFF41222C}.Release|Any CPU.ActiveCfg = Release|Any CPU
		{5DC43456-D0A9-443E-B70D-C7EFFF41222C}.Release|Any CPU.Build.0 = Release|Any CPU
		{5DC43456-D0A9-443E-B70D-C7EFFF41222C}.Release|ARM.ActiveCfg = Release|Any CPU
		{5DC43456-D0A9-443E-B70D-C7EFFF41222C}.Release|ARM.Build.0 = Release|Any CPU
		{5DC43456-D0A9-443E-B70D-C7EFFF41222C}.Release|iPhone.ActiveCfg = Release|Any CPU
		{5DC43456-D0A9-443E-B70D-C7EFFF41222C}.Release|iPhone.Build.0 = Release|Any CPU
		{5DC43456-D0A9-443E-B70D-C7EFFF41222C}.Release|iPhoneSimulator.ActiveCfg = Release|Any CPU
		{5DC43456-D0A9-443E-B70D-C7EFFF41222C}.Release|iPhoneSimulator.Build.0 = Release|Any CPU
		{5DC43456-D0A9-443E-B70D-C7EFFF41222C}.Release|x64.ActiveCfg = Release|Any CPU
		{5DC43456-D0A9-443E-B70D-C7EFFF41222C}.Release|x64.Build.0 = Release|Any CPU
		{5DC43456-D0A9-443E-B70D-C7EFFF41222C}.Release|x86.ActiveCfg = Release|Any CPU
		{5DC43456-D0A9-443E-B70D-C7EFFF41222C}.Release|x86.Build.0 = Release|Any CPU
	EndGlobalSection
	GlobalSection(SolutionProperties) = preSolution
		HideSolutionNode = FALSE
	EndGlobalSection
	GlobalSection(ExtensibilityGlobals) = postSolution
		SolutionGuid = {1CA82B91-6893-43B7-A659-3A391477F535}
	EndGlobalSection
EndGlobal
